
Microsoft Visual Studio Solution File, Format Version 12.00
# Visual Studio 14
VisualStudioVersion = 14.0.25123.0
MinimumVisualStudioVersion = 10.0.40219.1
Project("{2150E333-8FDC-42A3-9474-1A3956D46DE8}") = "src", "src", "{D466741E-89C2-4EA9-9255-E45A25A950C1}"
EndProject
Project("{2150E333-8FDC-42A3-9474-1A3956D46DE8}") = "Solution Items", "Solution Items", "{73DA5AB2-1BBD-4368-BEE7-E97A857B2471}"
	ProjectSection(SolutionItems) = preProject
		global.json = global.json
	EndProjectSection
EndProject
Project("{8BB2217D-0F2D-49D1-97BC-3654ED321F3B}") = "CiscoDevNet", "src\CiscoDevNet\CiscoDevNet.xproj", "{0209881E-2A42-4EC1-BBC4-5BFE4012FB68}"
EndProject
Global
	GlobalSection(SolutionConfigurationPlatforms) = preSolution
		Debug|Any CPU = Debug|Any CPU
		Release|Any CPU = Release|Any CPU
	EndGlobalSection
	GlobalSection(ProjectConfigurationPlatforms) = postSolution
		{0209881E-2A42-4EC1-BBC4-5BFE4012FB68}.Debug|Any CPU.ActiveCfg = Debug|Any CPU
		{0209881E-2A42-4EC1-BBC4-5BFE4012FB68}.Debug|Any CPU.Build.0 = Debug|Any CPU
		{0209881E-2A42-4EC1-BBC4-5BFE4012FB68}.Release|Any CPU.ActiveCfg = Release|Any CPU
		{0209881E-2A42-4EC1-BBC4-5BFE4012FB68}.Release|Any CPU.Build.0 = Release|Any CPU
	EndGlobalSection
	GlobalSection(SolutionProperties) = preSolution
		HideSolutionNode = FALSE
	EndGlobalSection
	GlobalSection(NestedProjects) = preSolution
		{0209881E-2A42-4EC1-BBC4-5BFE4012FB68} = {D466741E-89C2-4EA9-9255-E45A25A950C1}
	EndGlobalSection
EndGlobal
